
Microsoft Visual Studio Solution File, Format Version 12.00
# Visual Studio Version 16
VisualStudioVersion = 16.0.30011.22
MinimumVisualStudioVersion = 10.0.40219.1
Project("{FAE04EC0-301F-11D3-BF4B-00C04F79EFBC}") = "ProjetoLogin3B1", "ProjetoLogin3B1\ProjetoLogin3B1.csproj", "{964DFD4F-758E-48BB-ADB4-56CE7F2414B9}"
EndProject
Global
	GlobalSection(SolutionConfigurationPlatforms) = preSolution
		Debug|Any CPU = Debug|Any CPU
		Release|Any CPU = Release|Any CPU
	EndGlobalSection
	GlobalSection(ProjectConfigurationPlatforms) = postSolution
		{964DFD4F-758E-48BB-ADB4-56CE7F2414B9}.Debug|Any CPU.ActiveCfg = Debug|Any CPU
		{964DFD4F-758E-48BB-ADB4-56CE7F2414B9}.Debug|Any CPU.Build.0 = Debug|Any CPU
		{964DFD4F-758E-48BB-ADB4-56CE7F2414B9}.Release|Any CPU.ActiveCfg = Release|Any CPU
		{964DFD4F-758E-48BB-ADB4-56CE7F2414B9}.Release|Any CPU.Build.0 = Release|Any CPU
	EndGlobalSection
	GlobalSection(SolutionProperties) = preSolution
		HideSolutionNode = FALSE
	EndGlobalSection
	GlobalSection(ExtensibilityGlobals) = postSolution
		SolutionGuid = {D97094A0-8B9E-45DF-AFCB-6AB789324B30}
	EndGlobalSection
EndGlobal
